
Microsoft Visual Studio Solution File, Format Version 12.00
# Visual Studio 15
VisualStudioVersion = 15.0.27703.2047
MinimumVisualStudioVersion = 10.0.40219.1
Project("{FAE04EC0-301F-11D3-BF4B-00C04F79EFBC}") = "WebApplication", "WebApplication\WebApplication.csproj", "{4449C9EE-1A9D-4F7B-AC62-99D33EE91273}"
EndProject
Project("{FAE04EC0-301F-11D3-BF4B-00C04F79EFBC}") = "WebApplication.Tests", "WebApplication.Tests\WebApplication.Tests.csproj", "{C2BCD89F-4543-4840-ACD9-99AFE721EADE}"
EndProject
Global
	GlobalSection(SolutionConfigurationPlatforms) = preSolution
		Debug|Any CPU = Debug|Any CPU
		Release|Any CPU = Release|Any CPU
	EndGlobalSection
	GlobalSection(ProjectConfigurationPlatforms) = postSolution
		{4449C9EE-1A9D-4F7B-AC62-99D33EE91273}.Debug|Any CPU.ActiveCfg = Debug|Any CPU
		{4449C9EE-1A9D-4F7B-AC62-99D33EE91273}.Debug|Any CPU.Build.0 = Debug|Any CPU
		{4449C9EE-1A9D-4F7B-AC62-99D33EE91273}.Release|Any CPU.ActiveCfg = Release|Any CPU
		{4449C9EE-1A9D-4F7B-AC62-99D33EE91273}.Release|Any CPU.Build.0 = Release|Any CPU
		{C2BCD89F-4543-4840-ACD9-99AFE721EADE}.Debug|Any CPU.ActiveCfg = Debug|Any CPU
		{C2BCD89F-4543-4840-ACD9-99AFE721EADE}.Debug|Any CPU.Build.0 = Debug|Any CPU
		{C2BCD89F-4543-4840-ACD9-99AFE721EADE}.Release|Any CPU.ActiveCfg = Release|Any CPU
		{C2BCD89F-4543-4840-ACD9-99AFE721EADE}.Release|Any CPU.Build.0 = Release|Any CPU
	EndGlobalSection
	GlobalSection(SolutionProperties) = preSolution
		HideSolutionNode = FALSE
	EndGlobalSection
	GlobalSection(ExtensibilityGlobals) = postSolution
		SolutionGuid = {C2253AF6-9275-4BF4-A1CA-04FE699A354B}
	EndGlobalSection
EndGlobal
